
Microsoft Visual Studio Solution File, Format Version 12.00
# Visual Studio Version 17
VisualStudioVersion = 17.2.32630.192
MinimumVisualStudioVersion = 10.0.40219.1
Project("{9A19103F-16F7-4668-BE54-9A1E7A4F7556}") = "APIGateaway", "APIGateaway\APIGateaway.csproj", "{38EB86FA-7843-426F-B5A0-64CFFD40869A}"
EndProject
Project("{2150E333-8FDC-42A3-9474-1A3956D46DE8}") = "Services", "Services", "{258B2C34-9703-4068-B522-D4FA26AEA25B}"
EndProject
Project("{9A19103F-16F7-4668-BE54-9A1E7A4F7556}") = "Contact.API", "Services\ContactAPI\Contact.API\Contact.API.csproj", "{64852687-5761-4DC4-B159-08B91E496272}"
EndProject
Project("{9A19103F-16F7-4668-BE54-9A1E7A4F7556}") = "Reservation.API", "Services\ResAPI\ReservationAPI\Reservation.API.csproj", "{6BE1669A-5BF7-44D9-89AA-07AA02D5A10F}"
EndProject
Project("{2150E333-8FDC-42A3-9474-1A3956D46DE8}") = "ContactAPI", "ContactAPI", "{1D15121E-14A0-4B43-AFF2-FD780A17D0EC}"
EndProject
Project("{2150E333-8FDC-42A3-9474-1A3956D46DE8}") = "ReservationAPI", "ReservationAPI", "{88894FC4-CD1C-4827-9F50-EB5591E2E2C9}"
EndProject
Project("{9A19103F-16F7-4668-BE54-9A1E7A4F7556}") = "ContactAPI.Infrastructure", "Services\ContactAPI\ContactAPI.Infrastructure\ContactAPI.Infrastructure.csproj", "{D91F94E6-BCEB-4FF5-9BD7-2CFF1D8125C3}"
EndProject
Project("{9A19103F-16F7-4668-BE54-9A1E7A4F7556}") = "ContactAPI.Models", "Services\ContactAPI\ContactAPI.Models\ContactAPI.Models.csproj", "{A0C8DE2C-3197-4FCF-9AC9-6A9150FA5B17}"
EndProject
Project("{9A19103F-16F7-4668-BE54-9A1E7A4F7556}") = "Contact.API.Services", "Services\ContactAPI\Contact.API.Services\Contact.API.Services.csproj", "{F143C3E3-9582-43F4-A331-63207E1695A6}"
EndProject
Project("{9A19103F-16F7-4668-BE54-9A1E7A4F7556}") = "ReservationAPI.Infrastructure", "Services\ResAPI\ReservationAPI.Infrastructure\ReservationAPI.Infrastructure.csproj", "{7C6E81DF-691A-467F-B962-BA16574DE5DE}"
EndProject
Project("{9A19103F-16F7-4668-BE54-9A1E7A4F7556}") = "Reservation.API.Services", "Services\ResAPI\Reservation.API.Services\Reservation.API.Services.csproj", "{368E4DA2-213B-4DAA-BFB1-266A7881B92E}"
EndProject
Project("{9A19103F-16F7-4668-BE54-9A1E7A4F7556}") = "Reservation.API.Models", "Services\ResAPI\Reservation.API.Models\Reservation.API.Models.csproj", "{14A75BDA-7B7F-4CFC-8469-04E15AF695A0}"
EndProject
Project("{2150E333-8FDC-42A3-9474-1A3956D46DE8}") = "Solution Items", "Solution Items", "{284A439D-B573-4D2F-BECC-A8A2AA651FE9}"
	ProjectSection(SolutionItems) = preProject
		docker-compose.yml = docker-compose.yml
	EndProjectSection
EndProject
Global
	GlobalSection(SolutionConfigurationPlatforms) = preSolution
		Debug|Any CPU = Debug|Any CPU
		Release|Any CPU = Release|Any CPU
	EndGlobalSection
	GlobalSection(ProjectConfigurationPlatforms) = postSolution
		{38EB86FA-7843-426F-B5A0-64CFFD40869A}.Debug|Any CPU.ActiveCfg = Debug|Any CPU
		{38EB86FA-7843-426F-B5A0-64CFFD40869A}.Debug|Any CPU.Build.0 = Debug|Any CPU
		{38EB86FA-7843-426F-B5A0-64CFFD40869A}.Release|Any CPU.ActiveCfg = Release|Any CPU
		{38EB86FA-7843-426F-B5A0-64CFFD40869A}.Release|Any CPU.Build.0 = Release|Any CPU
		{64852687-5761-4DC4-B159-08B91E496272}.Debug|Any CPU.ActiveCfg = Debug|Any CPU
		{64852687-5761-4DC4-B159-08B91E496272}.Debug|Any CPU.Build.0 = Debug|Any CPU
		{64852687-5761-4DC4-B159-08B91E496272}.Release|Any CPU.ActiveCfg = Release|Any CPU
		{64852687-5761-4DC4-B159-08B91E496272}.Release|Any CPU.Build.0 = Release|Any CPU
		{6BE1669A-5BF7-44D9-89AA-07AA02D5A10F}.Debug|Any CPU.ActiveCfg = Debug|Any CPU
		{6BE1669A-5BF7-44D9-89AA-07AA02D5A10F}.Debug|Any CPU.Build.0 = Debug|Any CPU
		{6BE1669A-5BF7-44D9-89AA-07AA02D5A10F}.Release|Any CPU.ActiveCfg = Release|Any CPU
		{6BE1669A-5BF7-44D9-89AA-07AA02D5A10F}.Release|Any CPU.Build.0 = Release|Any CPU
		{D91F94E6-BCEB-4FF5-9BD7-2CFF1D8125C3}.Debug|Any CPU.ActiveCfg = Debug|Any CPU
		{D91F94E6-BCEB-4FF5-9BD7-2CFF1D8125C3}.Debug|Any CPU.Build.0 = Debug|Any CPU
		{D91F94E6-BCEB-4FF5-9BD7-2CFF1D8125C3}.Release|Any CPU.ActiveCfg = Release|Any CPU
		{D91F94E6-BCEB-4FF5-9BD7-2CFF1D8125C3}.Release|Any CPU.Build.0 = Release|Any CPU
		{A0C8DE2C-3197-4FCF-9AC9-6A9150FA5B17}.Debug|Any CPU.ActiveCfg = Debug|Any CPU
		{A0C8DE2C-3197-4FCF-9AC9-6A9150FA5B17}.Debug|Any CPU.Build.0 = Debug|Any CPU
		{A0C8DE2C-3197-4FCF-9AC9-6A9150FA5B17}.Release|Any CPU.ActiveCfg = Release|Any CPU
		{A0C8DE2C-3197-4FCF-9AC9-6A9150FA5B17}.Release|Any CPU.Build.0 = Release|Any CPU
		{F143C3E3-9582-43F4-A331-63207E1695A6}.Debug|Any CPU.ActiveCfg = Debug|Any CPU
		{F143C3E3-9582-43F4-A331-63207E1695A6}.Debug|Any CPU.Build.0 = Debug|Any CPU
		{F143C3E3-9582-43F4-A331-63207E1695A6}.Release|Any CPU.ActiveCfg = Release|Any CPU
		{F143C3E3-9582-43F4-A331-63207E1695A6}.Release|Any CPU.Build.0 = Release|Any CPU
		{7C6E81DF-691A-467F-B962-BA16574DE5DE}.Debug|Any CPU.ActiveCfg = Debug|Any CPU
		{7C6E81DF-691A-467F-B962-BA16574DE5DE}.Debug|Any CPU.Build.0 = Debug|Any CPU
		{7C6E81DF-691A-467F-B962-BA16574DE5DE}.Release|Any CPU.ActiveCfg = Release|Any CPU
		{7C6E81DF-691A-467F-B962-BA16574DE5DE}.Release|Any CPU.Build.0 = Release|Any CPU
		{368E4DA2-213B-4DAA-BFB1-266A7881B92E}.Debug|Any CPU.ActiveCfg = Debug|Any CPU
		{368E4DA2-213B-4DAA-BFB1-266A7881B92E}.Debug|Any CPU.Build.0 = Debug|Any CPU
		{368E4DA2-213B-4DAA-BFB1-266A7881B92E}.Release|Any CPU.ActiveCfg = Release|Any CPU
		{368E4DA2-213B-4DAA-BFB1-266A7881B92E}.Release|Any CPU.Build.0 = Release|Any CPU
		{14A75BDA-7B7F-4CFC-8469-04E15AF695A0}.Debug|Any CPU.ActiveCfg = Debug|Any CPU
		{14A75BDA-7B7F-4CFC-8469-04E15AF695A0}.Debug|Any CPU.Build.0 = Debug|Any CPU
		{14A75BDA-7B7F-4CFC-8469-04E15AF695A0}.Release|Any CPU.ActiveCfg = Release|Any CPU
		{14A75BDA-7B7F-4CFC-8469-04E15AF695A0}.Release|Any CPU.Build.0 = Release|Any CPU
	EndGlobalSection
	GlobalSection(SolutionProperties) = preSolution
		HideSolutionNode = FALSE
	EndGlobalSection
	GlobalSection(NestedProjects) = preSolution
		{64852687-5761-4DC4-B159-08B91E496272} = {1D15121E-14A0-4B43-AFF2-FD780A17D0EC}
		{6BE1669A-5BF7-44D9-89AA-07AA02D5A10F} = {88894FC4-CD1C-4827-9F50-EB5591E2E2C9}
		{1D15121E-14A0-4B43-AFF2-FD780A17D0EC} = {258B2C34-9703-4068-B522-D4FA26AEA25B}
		{88894FC4-CD1C-4827-9F50-EB5591E2E2C9} = {258B2C34-9703-4068-B522-D4FA26AEA25B}
		{D91F94E6-BCEB-4FF5-9BD7-2CFF1D8125C3} = {1D15121E-14A0-4B43-AFF2-FD780A17D0EC}
		{A0C8DE2C-3197-4FCF-9AC9-6A9150FA5B17} = {1D15121E-14A0-4B43-AFF2-FD780A17D0EC}
		{F143C3E3-9582-43F4-A331-63207E1695A6} = {1D15121E-14A0-4B43-AFF2-FD780A17D0EC}
		{7C6E81DF-691A-467F-B962-BA16574DE5DE} = {88894FC4-CD1C-4827-9F50-EB5591E2E2C9}
		{368E4DA2-213B-4DAA-BFB1-266A7881B92E} = {88894FC4-CD1C-4827-9F50-EB5591E2E2C9}
		{14A75BDA-7B7F-4CFC-8469-04E15AF695A0} = {88894FC4-CD1C-4827-9F50-EB5591E2E2C9}
	EndGlobalSection
	GlobalSection(ExtensibilityGlobals) = postSolution
		SolutionGuid = {BB4BB9A9-E8F7-40D8-9B07-D8E02AB278DC}
	EndGlobalSection
EndGlobal
